
Microsoft Visual Studio Solution File, Format Version 12.00
# Visual Studio 15
VisualStudioVersion = 15.0.27130.2036
MinimumVisualStudioVersion = 10.0.40219.1
Project("{FAE04EC0-301F-11D3-BF4B-00C04F79EFBC}") = "TimeTable", "TimeTable\TimeTable.csproj", "{1DFEEDDE-53C7-4048-AF77-925E3D844CF5}"
EndProject
Global
	GlobalSection(SolutionConfigurationPlatforms) = preSolution
		Debug|Any CPU = Debug|Any CPU
		Release|Any CPU = Release|Any CPU
	EndGlobalSection
	GlobalSection(ProjectConfigurationPlatforms) = postSolution
		{1DFEEDDE-53C7-4048-AF77-925E3D844CF5}.Debug|Any CPU.ActiveCfg = Debug|Any CPU
		{1DFEEDDE-53C7-4048-AF77-925E3D844CF5}.Debug|Any CPU.Build.0 = Debug|Any CPU
		{1DFEEDDE-53C7-4048-AF77-925E3D844CF5}.Release|Any CPU.ActiveCfg = Release|Any CPU
		{1DFEEDDE-53C7-4048-AF77-925E3D844CF5}.Release|Any CPU.Build.0 = Release|Any CPU
	EndGlobalSection
	GlobalSection(SolutionProperties) = preSolution
		HideSolutionNode = FALSE
	EndGlobalSection
	GlobalSection(ExtensibilityGlobals) = postSolution
		SolutionGuid = {ED3B550E-C7C5-4DB1-82BD-132A1496CDFC}
	EndGlobalSection
EndGlobal
